
Microsoft Visual Studio Solution File, Format Version 12.00
# Visual Studio Version 16
VisualStudioVersion = 16.0.31624.102
MinimumVisualStudioVersion = 10.0.40219.1
Project("{2150E333-8FDC-42A3-9474-1A3956D46DE8}") = "PresentationLayer", "PresentationLayer", "{721D0F8E-DD1C-4C03-8DAE-D0BCBAC22DC0}"
EndProject
Project("{2150E333-8FDC-42A3-9474-1A3956D46DE8}") = "BusinessLayer", "BusinessLayer", "{8E38ADD1-8FB1-4549-9AF3-B9007269DEE3}"
EndProject
Project("{2150E333-8FDC-42A3-9474-1A3956D46DE8}") = "DataLayer", "DataLayer", "{9CF07879-F748-4A76-834F-859D5DA48A1C}"
EndProject
Project("{FAE04EC0-301F-11D3-BF4B-00C04F79EFBC}") = "SalesWinApp", "SalesWinApp\SalesWinApp.csproj", "{BE53C500-7B28-40C0-B76D-322AE29BCA81}"
EndProject
Project("{FAE04EC0-301F-11D3-BF4B-00C04F79EFBC}") = "BusinessObject", "BusinessObject\BusinessObject.csproj", "{87F66CE5-AC49-4C2A-925B-8AF8D09919C9}"
EndProject
Project("{FAE04EC0-301F-11D3-BF4B-00C04F79EFBC}") = "DataAccess", "DataAccess\DataAccess.csproj", "{9073E31C-B9EB-4AAB-9974-AEAD93BB01C9}"
EndProject
Global
	GlobalSection(SolutionConfigurationPlatforms) = preSolution
		Debug|Any CPU = Debug|Any CPU
		Release|Any CPU = Release|Any CPU
	EndGlobalSection
	GlobalSection(ProjectConfigurationPlatforms) = postSolution
		{BE53C500-7B28-40C0-B76D-322AE29BCA81}.Debug|Any CPU.ActiveCfg = Debug|Any CPU
		{BE53C500-7B28-40C0-B76D-322AE29BCA81}.Debug|Any CPU.Build.0 = Debug|Any CPU
		{BE53C500-7B28-40C0-B76D-322AE29BCA81}.Release|Any CPU.ActiveCfg = Release|Any CPU
		{BE53C500-7B28-40C0-B76D-322AE29BCA81}.Release|Any CPU.Build.0 = Release|Any CPU
		{87F66CE5-AC49-4C2A-925B-8AF8D09919C9}.Debug|Any CPU.ActiveCfg = Debug|Any CPU
		{87F66CE5-AC49-4C2A-925B-8AF8D09919C9}.Debug|Any CPU.Build.0 = Debug|Any CPU
		{87F66CE5-AC49-4C2A-925B-8AF8D09919C9}.Release|Any CPU.ActiveCfg = Release|Any CPU
		{87F66CE5-AC49-4C2A-925B-8AF8D09919C9}.Release|Any CPU.Build.0 = Release|Any CPU
		{9073E31C-B9EB-4AAB-9974-AEAD93BB01C9}.Debug|Any CPU.ActiveCfg = Debug|Any CPU
		{9073E31C-B9EB-4AAB-9974-AEAD93BB01C9}.Debug|Any CPU.Build.0 = Debug|Any CPU
		{9073E31C-B9EB-4AAB-9974-AEAD93BB01C9}.Release|Any CPU.ActiveCfg = Release|Any CPU
		{9073E31C-B9EB-4AAB-9974-AEAD93BB01C9}.Release|Any CPU.Build.0 = Release|Any CPU
	EndGlobalSection
	GlobalSection(SolutionProperties) = preSolution
		HideSolutionNode = FALSE
	EndGlobalSection
	GlobalSection(NestedProjects) = preSolution
		{BE53C500-7B28-40C0-B76D-322AE29BCA81} = {721D0F8E-DD1C-4C03-8DAE-D0BCBAC22DC0}
		{87F66CE5-AC49-4C2A-925B-8AF8D09919C9} = {8E38ADD1-8FB1-4549-9AF3-B9007269DEE3}
		{9073E31C-B9EB-4AAB-9974-AEAD93BB01C9} = {9CF07879-F748-4A76-834F-859D5DA48A1C}
	EndGlobalSection
	GlobalSection(ExtensibilityGlobals) = postSolution
		SolutionGuid = {F469E3AA-5A21-46E6-A41E-25B96A9CC704}
	EndGlobalSection
EndGlobal
